// !$*UTF8*$!
{
	archiveVersion = 1;
	classes = {
	};
	objectVersion = 56;
	objects = {

/* Begin PBXBuildFile section */
		2D97D5BB2C6FDE57007F384D /* MemoSwiftAppApp.swift in Sources */ = {isa = PBXBuildFile; fileRef = 2D97D5BA2C6FDE57007F384D /* MemoSwiftAppApp.swift */; };
		2D97D5BD2C6FDE57007F384D /* ContentView.swift in Sources */ = {isa = PBXBuildFile; fileRef = 2D97D5BC2C6FDE57007F384D /* ContentView.swift */; };
		2D97D5BF2C6FDE59007F384D /* Assets.xcassets in Resources */ = {isa = PBXBuildFile; fileRef = 2D97D5BE2C6FDE59007F384D /* Assets.xcassets */; };
		2D97D5C32C6FDE59007F384D /* Preview Assets.xcassets in Resources */ = {isa = PBXBuildFile; fileRef = 2D97D5C22C6FDE59007F384D /* Preview Assets.xcassets */; };
		2D97D5CD2C6FDEDF007F384D /* MemoData.swift in Sources */ = {isa = PBXBuildFile; fileRef = 2D97D5CC2C6FDEDF007F384D /* MemoData.swift */; };
		2D97D5CF2C6FDF11007F384D /* MemoDataManager.swift in Sources */ = {isa = PBXBuildFile; fileRef = 2D97D5CE2C6FDF11007F384D /* MemoDataManager.swift */; };
		2D97D5D22C6FE275007F384D /* FirebaseAuth in Frameworks */ = {isa = PBXBuildFile; productRef = 2D97D5D12C6FE275007F384D /* FirebaseAuth */; };
		2D97D5D42C6FE275007F384D /* FirebaseFirestore in Frameworks */ = {isa = PBXBuildFile; productRef = 2D97D5D32C6FE275007F384D /* FirebaseFirestore */; };
		2D97D5D62C6FE2DF007F384D /* UserDataManager.swift in Sources */ = {isa = PBXBuildFile; fileRef = 2D97D5D52C6FE2DF007F384D /* UserDataManager.swift */; };
		2D97D5DA2C6FE342007F384D /* AuthManager.swift in Sources */ = {isa = PBXBuildFile; fileRef = 2D97D5D92C6FE342007F384D /* AuthManager.swift */; };
		2D97D5DC2C6FE3A0007F384D /* NotifyManager.swift in Sources */ = {isa = PBXBuildFile; fileRef = 2D97D5DB2C6FE3A0007F384D /* NotifyManager.swift */; };
		2D97D5DE2C6FE400007F384D /* AuthDataStructure.swift in Sources */ = {isa = PBXBuildFile; fileRef = 2D97D5DD2C6FE400007F384D /* AuthDataStructure.swift */; };
		2D97D5E02C6FE9E5007F384D /* LoginView.swift in Sources */ = {isa = PBXBuildFile; fileRef = 2D97D5DF2C6FE9E5007F384D /* LoginView.swift */; };
		2D97D5E22C6FEA12007F384D /* SignInEmailView.swift in Sources */ = {isa = PBXBuildFile; fileRef = 2D97D5E12C6FEA12007F384D /* SignInEmailView.swift */; };
		2D97D5E42C6FEAE6007F384D /* MemoView.swift in Sources */ = {isa = PBXBuildFile; fileRef = 2D97D5E32C6FEAE6007F384D /* MemoView.swift */; };
		2D97D5E62C6FEDFB007F384D /* GoogleService-Info.plist in Resources */ = {isa = PBXBuildFile; fileRef = 2D97D5E52C6FEDFB007F384D /* GoogleService-Info.plist */; };
/* End PBXBuildFile section */

/* Begin PBXFileReference section */
		2D97D5B72C6FDE57007F384D /* MemoSwiftApp.app */ = {isa = PBXFileReference; explicitFileType = wrapper.application; includeInIndex = 0; path = MemoSwiftApp.app; sourceTree = BUILT_PRODUCTS_DIR; };
		2D97D5BA2C6FDE57007F384D /* MemoSwiftAppApp.swift */ = {isa = PBXFileReference; lastKnownFileType = sourcecode.swift; path = MemoSwiftAppApp.swift; sourceTree = "<group>"; };
		2D97D5BC2C6FDE57007F384D /* ContentView.swift */ = {isa = PBXFileReference; lastKnownFileType = sourcecode.swift; path = ContentView.swift; sourceTree = "<group>"; };
		2D97D5BE2C6FDE59007F384D /* Assets.xcassets */ = {isa = PBXFileReference; lastKnownFileType = folder.assetcatalog; path = Assets.xcassets; sourceTree = "<group>"; };
		2D97D5C02C6FDE59007F384D /* MemoSwiftApp.entitlements */ = {isa = PBXFileReference; lastKnownFileType = text.plist.entitlements; path = MemoSwiftApp.entitlements; sourceTree = "<group>"; };
		2D97D5C22C6FDE59007F384D /* Preview Assets.xcassets */ = {isa = PBXFileReference; lastKnownFileType = folder.assetcatalog; path = "Preview Assets.xcassets"; sourceTree = "<group>"; };
		2D97D5CC2C6FDEDF007F384D /* MemoData.swift */ = {isa = PBXFileReference; lastKnownFileType = sourcecode.swift; path = MemoData.swift; sourceTree = "<group>"; };
		2D97D5CE2C6FDF11007F384D /* MemoDataManager.swift */ = {isa = PBXFileReference; lastKnownFileType = sourcecode.swift; path = MemoDataManager.swift; sourceTree = "<group>"; };
		2D97D5D52C6FE2DF007F384D /* UserDataManager.swift */ = {isa = PBXFileReference; lastKnownFileType = sourcecode.swift; path = UserDataManager.swift; sourceTree = "<group>"; };
		2D97D5D92C6FE342007F384D /* AuthManager.swift */ = {isa = PBXFileReference; lastKnownFileType = sourcecode.swift; path = AuthManager.swift; sourceTree = "<group>"; };
		2D97D5DB2C6FE3A0007F384D /* NotifyManager.swift */ = {isa = PBXFileReference; lastKnownFileType = sourcecode.swift; path = NotifyManager.swift; sourceTree = "<group>"; };
		2D97D5DD2C6FE400007F384D /* AuthDataStructure.swift */ = {isa = PBXFileReference; lastKnownFileType = sourcecode.swift; path = AuthDataStructure.swift; sourceTree = "<group>"; };
		2D97D5DF2C6FE9E5007F384D /* LoginView.swift */ = {isa = PBXFileReference; lastKnownFileType = sourcecode.swift; path = LoginView.swift; sourceTree = "<group>"; };
		2D97D5E12C6FEA12007F384D /* SignInEmailView.swift */ = {isa = PBXFileReference; lastKnownFileType = sourcecode.swift; path = SignInEmailView.swift; sourceTree = "<group>"; };
		2D97D5E32C6FEAE6007F384D /* MemoView.swift */ = {isa = PBXFileReference; lastKnownFileType = sourcecode.swift; path = MemoView.swift; sourceTree = "<group>"; };
		2D97D5E52C6FEDFB007F384D /* GoogleService-Info.plist */ = {isa = PBXFileReference; fileEncoding = 4; lastKnownFileType = text.plist.xml; path = "GoogleService-Info.plist"; sourceTree = "<group>"; };
/* End PBXFileReference section */

/* Begin PBXFrameworksBuildPhase section */
		2D97D5B42C6FDE57007F384D /* Frameworks */ = {
			isa = PBXFrameworksBuildPhase;
			buildActionMask = 2147483647;
			files = (
				2D97D5D22C6FE275007F384D /* FirebaseAuth in Frameworks */,
				2D97D5D42C6FE275007F384D /* FirebaseFirestore in Frameworks */,
			);
			runOnlyForDeploymentPostprocessing = 0;
		};
/* End PBXFrameworksBuildPhase section */

/* Begin PBXGroup section */
		2D97D5AE2C6FDE57007F384D = {
			isa = PBXGroup;
			children = (
				2D97D5BA2C6FDE57007F384D /* MemoSwiftAppApp.swift */,
				2D97D5B92C6FDE57007F384D /* MemoSwiftApp */,
				2D97D5B82C6FDE57007F384D /* Products */,
			);
			sourceTree = "<group>";
		};
		2D97D5B82C6FDE57007F384D /* Products */ = {
			isa = PBXGroup;
			children = (
				2D97D5B72C6FDE57007F384D /* MemoSwiftApp.app */,
			);
			name = Products;
			sourceTree = "<group>";
		};
		2D97D5B92C6FDE57007F384D /* MemoSwiftApp */ = {
			isa = PBXGroup;
			children = (
				2D97D5DB2C6FE3A0007F384D /* NotifyManager.swift */,
				2D97D5CB2C6FDEBE007F384D /* DataManager */,
				2D97D5CA2C6FDEB3007F384D /* DataStructure */,
				2D97D5C92C6FDEA7007F384D /* Views */,
				2D97D5E52C6FEDFB007F384D /* GoogleService-Info.plist */,
				2D97D5BE2C6FDE59007F384D /* Assets.xcassets */,
				2D97D5C02C6FDE59007F384D /* MemoSwiftApp.entitlements */,
				2D97D5C12C6FDE59007F384D /* Preview Content */,
			);
			path = MemoSwiftApp;
			sourceTree = "<group>";
		};
		2D97D5C12C6FDE59007F384D /* Preview Content */ = {
			isa = PBXGroup;
			children = (
				2D97D5C22C6FDE59007F384D /* Preview Assets.xcassets */,
			);
			path = "Preview Content";
			sourceTree = "<group>";
		};
		2D97D5C92C6FDEA7007F384D /* Views */ = {
			isa = PBXGroup;
			children = (
				2D97D5DF2C6FE9E5007F384D /* LoginView.swift */,
				2D97D5E12C6FEA12007F384D /* SignInEmailView.swift */,
				2D97D5BC2C6FDE57007F384D /* ContentView.swift */,
				2D97D5E32C6FEAE6007F384D /* MemoView.swift */,
			);
			path = Views;
			sourceTree = "<group>";
		};
		2D97D5CA2C6FDEB3007F384D /* DataStructure */ = {
			isa = PBXGroup;
			children = (
				2D97D5CC2C6FDEDF007F384D /* MemoData.swift */,
				2D97D5DD2C6FE400007F384D /* AuthDataStructure.swift */,
			);
			path = DataStructure;
			sourceTree = "<group>";
		};
		2D97D5CB2C6FDEBE007F384D /* DataManager */ = {
			isa = PBXGroup;
			children = (
				2D97D5D92C6FE342007F384D /* AuthManager.swift */,
				2D97D5CE2C6FDF11007F384D /* MemoDataManager.swift */,
				2D97D5D52C6FE2DF007F384D /* UserDataManager.swift */,
			);
			path = DataManager;
			sourceTree = "<group>";
		};
/* End PBXGroup section */

/* Begin PBXNativeTarget section */
		2D97D5B62C6FDE57007F384D /* MemoSwiftApp */ = {
			isa = PBXNativeTarget;
			buildConfigurationList = 2D97D5C62C6FDE59007F384D /* Build configuration list for PBXNativeTarget "MemoSwiftApp" */;
			buildPhases = (
				2D97D5B32C6FDE57007F384D /* Sources */,
				2D97D5B42C6FDE57007F384D /* Frameworks */,
				2D97D5B52C6FDE57007F384D /* Resources */,
			);
			buildRules = (
			);
			dependencies = (
			);
			name = MemoSwiftApp;
			packageProductDependencies = (
				2D97D5D12C6FE275007F384D /* FirebaseAuth */,
				2D97D5D32C6FE275007F384D /* FirebaseFirestore */,
			);
			productName = MemoSwiftApp;
			productReference = 2D97D5B72C6FDE57007F384D /* MemoSwiftApp.app */;
			productType = "com.apple.product-type.application";
		};
/* End PBXNativeTarget section */

/* Begin PBXProject section */
		2D97D5AF2C6FDE57007F384D /* Project object */ = {
			isa = PBXProject;
			attributes = {
				BuildIndependentTargetsInParallel = 1;
				LastSwiftUpdateCheck = 1540;
				LastUpgradeCheck = 1540;
				TargetAttributes = {
					2D97D5B62C6FDE57007F384D = {
						CreatedOnToolsVersion = 15.4;
					};
				};
			};
			buildConfigurationList = 2D97D5B22C6FDE57007F384D /* Build configuration list for PBXProject "MemoSwiftApp" */;
			compatibilityVersion = "Xcode 14.0";
			developmentRegion = en;
			hasScannedForEncodings = 0;
			knownRegions = (
				en,
				Base,
			);
			mainGroup = 2D97D5AE2C6FDE57007F384D;
			packageReferences = (
				2D97D5D02C6FE275007F384D /* XCRemoteSwiftPackageReference "firebase-ios-sdk" */,
			);
			productRefGroup = 2D97D5B82C6FDE57007F384D /* Products */;
			projectDirPath = "";
			projectRoot = "";
			targets = (
				2D97D5B62C6FDE57007F384D /* MemoSwiftApp */,
			);
		};
/* End PBXProject section */

/* Begin PBXResourcesBuildPhase section */
		2D97D5B52C6FDE57007F384D /* Resources */ = {
			isa = PBXResourcesBuildPhase;
			buildActionMask = 2147483647;
			files = (
				2D97D5C32C6FDE59007F384D /* Preview Assets.xcassets in Resources */,
				2D97D5BF2C6FDE59007F384D /* Assets.xcassets in Resources */,
				2D97D5E62C6FEDFB007F384D /* GoogleService-Info.plist in Resources */,
			);
			runOnlyForDeploymentPostprocessing = 0;
		};
/* End PBXResourcesBuildPhase section */

/* Begin PBXSourcesBuildPhase section */
		2D97D5B32C6FDE57007F384D /* Sources */ = {
			isa = PBXSourcesBuildPhase;
			buildActionMask = 2147483647;
			files = (
				2D97D5DA2C6FE342007F384D /* AuthManager.swift in Sources */,
				2D97D5DC2C6FE3A0007F384D /* NotifyManager.swift in Sources */,
				2D97D5CD2C6FDEDF007F384D /* MemoData.swift in Sources */,
				2D97D5E22C6FEA12007F384D /* SignInEmailView.swift in Sources */,
				2D97D5BD2C6FDE57007F384D /* ContentView.swift in Sources */,
				2D97D5DE2C6FE400007F384D /* AuthDataStructure.swift in Sources */,
				2D97D5D62C6FE2DF007F384D /* UserDataManager.swift in Sources */,
				2D97D5BB2C6FDE57007F384D /* MemoSwiftAppApp.swift in Sources */,
				2D97D5E02C6FE9E5007F384D /* LoginView.swift in Sources */,
				2D97D5E42C6FEAE6007F384D /* MemoView.swift in Sources */,
				2D97D5CF2C6FDF11007F384D /* MemoDataManager.swift in Sources */,
			);
			runOnlyForDeploymentPostprocessing = 0;
		};
/* End PBXSourcesBuildPhase section */

/* Begin XCBuildConfiguration section */
		2D97D5C42C6FDE59007F384D /* Debug */ = {
			isa = XCBuildConfiguration;
			buildSettings = {
				ALWAYS_SEARCH_USER_PATHS = NO;
				ASSETCATALOG_COMPILER_GENERATE_SWIFT_ASSET_SYMBOL_EXTENSIONS = YES;
				CLANG_ANALYZER_NONNULL = YES;
				CLANG_ANALYZER_NUMBER_OBJECT_CONVERSION = YES_AGGRESSIVE;
				CLANG_CXX_LANGUAGE_STANDARD = "gnu++20";
				CLANG_ENABLE_MODULES = YES;
				CLANG_ENABLE_OBJC_ARC = YES;
				CLANG_ENABLE_OBJC_WEAK = YES;
				CLANG_WARN_BLOCK_CAPTURE_AUTORELEASING = YES;
				CLANG_WARN_BOOL_CONVERSION = YES;
				CLANG_WARN_COMMA = YES;
				CLANG_WARN_CONSTANT_CONVERSION = YES;
				CLANG_WARN_DEPRECATED_OBJC_IMPLEMENTATIONS = YES;
				CLANG_WARN_DIRECT_OBJC_ISA_USAGE = YES_ERROR;
				CLANG_WARN_DOCUMENTATION_COMMENTS = YES;
				CLANG_WARN_EMPTY_BODY = YES;
				CLANG_WARN_ENUM_CONVERSION = YES;
				CLANG_WARN_INFINITE_RECURSION = YES;
				CLANG_WARN_INT_CONVERSION = YES;
				CLANG_WARN_NON_LITERAL_NULL_CONVERSION = YES;
				CLANG_WARN_OBJC_IMPLICIT_RETAIN_SELF = YES;
				CLANG_WARN_OBJC_LITERAL_CONVERSION = YES;
				CLANG_WARN_OBJC_ROOT_CLASS = YES_ERROR;
				CLANG_WARN_QUOTED_INCLUDE_IN_FRAMEWORK_HEADER = YES;
				CLANG_WARN_RANGE_LOOP_ANALYSIS = YES;
				CLANG_WARN_STRICT_PROTOTYPES = YES;
				CLANG_WARN_SUSPICIOUS_MOVE = YES;
				CLANG_WARN_UNGUARDED_AVAILABILITY = YES_AGGRESSIVE;
				CLANG_WARN_UNREACHABLE_CODE = YES;
				CLANG_WARN__DUPLICATE_METHOD_MATCH = YES;
				COPY_PHASE_STRIP = NO;
				DEBUG_INFORMATION_FORMAT = dwarf;
				ENABLE_STRICT_OBJC_MSGSEND = YES;
				ENABLE_TESTABILITY = YES;
				ENABLE_USER_SCRIPT_SANDBOXING = YES;
				GCC_C_LANGUAGE_STANDARD = gnu17;
				GCC_DYNAMIC_NO_PIC = NO;
				GCC_NO_COMMON_BLOCKS = YES;
				GCC_OPTIMIZATION_LEVEL = 0;
				GCC_PREPROCESSOR_DEFINITIONS = (
					"DEBUG=1",
					"$(inherited)",
				);
				GCC_WARN_64_TO_32_BIT_CONVERSION = YES;
				GCC_WARN_ABOUT_RETURN_TYPE = YES_ERROR;
				GCC_WARN_UNDECLARED_SELECTOR = YES;
				GCC_WARN_UNINITIALIZED_AUTOS = YES_AGGRESSIVE;
				GCC_WARN_UNUSED_FUNCTION = YES;
				GCC_WARN_UNUSED_VARIABLE = YES;
				LOCALIZATION_PREFERS_STRING_CATALOGS = YES;
				MTL_ENABLE_DEBUG_INFO = INCLUDE_SOURCE;
				MTL_FAST_MATH = YES;
				ONLY_ACTIVE_ARCH = YES;
				SWIFT_ACTIVE_COMPILATION_CONDITIONS = "DEBUG $(inherited)";
				SWIFT_OPTIMIZATION_LEVEL = "-Onone";
			};
			name = Debug;
		};
		2D97D5C52C6FDE59007F384D /* Release */ = {
			isa = XCBuildConfiguration;
			buildSettings = {
				ALWAYS_SEARCH_USER_PATHS = NO;
				ASSETCATALOG_COMPILER_GENERATE_SWIFT_ASSET_SYMBOL_EXTENSIONS = YES;
				CLANG_ANALYZER_NONNULL = YES;
				CLANG_ANALYZER_NUMBER_OBJECT_CONVERSION = YES_AGGRESSIVE;
				CLANG_CXX_LANGUAGE_STANDARD = "gnu++20";
				CLANG_ENABLE_MODULES = YES;
				CLANG_ENABLE_OBJC_ARC = YES;
				CLANG_ENABLE_OBJC_WEAK = YES;
				CLANG_WARN_BLOCK_CAPTURE_AUTORELEASING = YES;
				CLANG_WARN_BOOL_CONVERSION = YES;
				CLANG_WARN_COMMA = YES;
				CLANG_WARN_CONSTANT_CONVERSION = YES;
				CLANG_WARN_DEPRECATED_OBJC_IMPLEMENTATIONS = YES;
				CLANG_WARN_DIRECT_OBJC_ISA_USAGE = YES_ERROR;
				CLANG_WARN_DOCUMENTATION_COMMENTS = YES;
				CLANG_WARN_EMPTY_BODY = YES;
				CLANG_WARN_ENUM_CONVERSION = YES;
				CLANG_WARN_INFINITE_RECURSION = YES;
				CLANG_WARN_INT_CONVERSION = YES;
				CLANG_WARN_NON_LITERAL_NULL_CONVERSION = YES;
				CLANG_WARN_OBJC_IMPLICIT_RETAIN_SELF = YES;
				CLANG_WARN_OBJC_LITERAL_CONVERSION = YES;
				CLANG_WARN_OBJC_ROOT_CLASS = YES_ERROR;
				CLANG_WARN_QUOTED_INCLUDE_IN_FRAMEWORK_HEADER = YES;
				CLANG_WARN_RANGE_LOOP_ANALYSIS = YES;
				CLANG_WARN_STRICT_PROTOTYPES = YES;
				CLANG_WARN_SUSPICIOUS_MOVE = YES;
				CLANG_WARN_UNGUARDED_AVAILABILITY = YES_AGGRESSIVE;
				CLANG_WARN_UNREACHABLE_CODE = YES;
				CLANG_WARN__DUPLICATE_METHOD_MATCH = YES;
				COPY_PHASE_STRIP = NO;
				DEBUG_INFORMATION_FORMAT = "dwarf-with-dsym";
				ENABLE_NS_ASSERTIONS = NO;
				ENABLE_STRICT_OBJC_MSGSEND = YES;
				ENABLE_USER_SCRIPT_SANDBOXING = YES;
				GCC_C_LANGUAGE_STANDARD = gnu17;
				GCC_NO_COMMON_BLOCKS = YES;
				GCC_WARN_64_TO_32_BIT_CONVERSION = YES;
				GCC_WARN_ABOUT_RETURN_TYPE = YES_ERROR;
				GCC_WARN_UNDECLARED_SELECTOR = YES;
				GCC_WARN_UNINITIALIZED_AUTOS = YES_AGGRESSIVE;
				GCC_WARN_UNUSED_FUNCTION = YES;
				GCC_WARN_UNUSED_VARIABLE = YES;
				LOCALIZATION_PREFERS_STRING_CATALOGS = YES;
				MTL_ENABLE_DEBUG_INFO = NO;
				MTL_FAST_MATH = YES;
				SWIFT_COMPILATION_MODE = wholemodule;
			};
			name = Release;
		};
		2D97D5C72C6FDE59007F384D /* Debug */ = {
			isa = XCBuildConfiguration;
			buildSettings = {
				ASSETCATALOG_COMPILER_APPICON_NAME = AppIcon;
				ASSETCATALOG_COMPILER_GLOBAL_ACCENT_COLOR_NAME = AccentColor;
				CODE_SIGN_ENTITLEMENTS = MemoSwiftApp/MemoSwiftApp.entitlements;
				CODE_SIGN_STYLE = Automatic;
				CURRENT_PROJECT_VERSION = 1;
				DEVELOPMENT_ASSET_PATHS = "\"MemoSwiftApp/Preview Content\"";
				DEVELOPMENT_TEAM = 8NWQV854QA;
				ENABLE_HARDENED_RUNTIME = YES;
				ENABLE_PREVIEWS = YES;
				GENERATE_INFOPLIST_FILE = YES;
				INFOPLIST_KEY_CFBundleDisplayName = MemoApp;
				"INFOPLIST_KEY_UIApplicationSceneManifest_Generation[sdk=iphoneos*]" = YES;
				"INFOPLIST_KEY_UIApplicationSceneManifest_Generation[sdk=iphonesimulator*]" = YES;
				"INFOPLIST_KEY_UIApplicationSupportsIndirectInputEvents[sdk=iphoneos*]" = YES;
				"INFOPLIST_KEY_UIApplicationSupportsIndirectInputEvents[sdk=iphonesimulator*]" = YES;
				"INFOPLIST_KEY_UILaunchScreen_Generation[sdk=iphoneos*]" = YES;
				"INFOPLIST_KEY_UILaunchScreen_Generation[sdk=iphonesimulator*]" = YES;
				"INFOPLIST_KEY_UIStatusBarStyle[sdk=iphoneos*]" = UIStatusBarStyleDefault;
				"INFOPLIST_KEY_UIStatusBarStyle[sdk=iphonesimulator*]" = UIStatusBarStyleDefault;
				INFOPLIST_KEY_UISupportedInterfaceOrientations = UIInterfaceOrientationPortrait;
				INFOPLIST_KEY_UISupportedInterfaceOrientations_iPad = "UIInterfaceOrientationLandscapeLeft UIInterfaceOrientationLandscapeRight UIInterfaceOrientationPortrait UIInterfaceOrientationPortraitUpsideDown";
				IPHONEOS_DEPLOYMENT_TARGET = 17.5;
				LD_RUNPATH_SEARCH_PATHS = "@executable_path/Frameworks";
				"LD_RUNPATH_SEARCH_PATHS[sdk=macosx*]" = "@executable_path/../Frameworks";
				MACOSX_DEPLOYMENT_TARGET = 14.5;
				MARKETING_VERSION = 1.0;
				PRODUCT_BUNDLE_IDENTIFIER = demir.emirhan.MemoSwiftApp;
				PRODUCT_NAME = "$(TARGET_NAME)";
				SDKROOT = auto;
				SUPPORTED_PLATFORMS = "iphoneos iphonesimulator";
				SUPPORTS_MACCATALYST = NO;
				SWIFT_EMIT_LOC_STRINGS = YES;
				SWIFT_VERSION = 5.0;
				TARGETED_DEVICE_FAMILY = 1;
			};
			name = Debug;
		};
		2D97D5C82C6FDE59007F384D /* Release */ = {
			isa = XCBuildConfiguration;
			buildSettings = {
				ASSETCATALOG_COMPILER_APPICON_NAME = AppIcon;
				ASSETCATALOG_COMPILER_GLOBAL_ACCENT_COLOR_NAME = AccentColor;
				CODE_SIGN_ENTITLEMENTS = MemoSwiftApp/MemoSwiftApp.entitlements;
				CODE_SIGN_STYLE = Automatic;
				CURRENT_PROJECT_VERSION = 1;
				DEVELOPMENT_ASSET_PATHS = "\"MemoSwiftApp/Preview Content\"";
				DEVELOPMENT_TEAM = 8NWQV854QA;
				ENABLE_HARDENED_RUNTIME = YES;
				ENABLE_PREVIEWS = YES;
				GENERATE_INFOPLIST_FILE = YES;
				INFOPLIST_KEY_CFBundleDisplayName = MemoApp;
				"INFOPLIST_KEY_UIApplicationSceneManifest_Generation[sdk=iphoneos*]" = YES;
				"INFOPLIST_KEY_UIApplicationSceneManifest_Generation[sdk=iphonesimulator*]" = YES;
				"INFOPLIST_KEY_UIApplicationSupportsIndirectInputEvents[sdk=iphoneos*]" = YES;
				"INFOPLIST_KEY_UIApplicationSupportsIndirectInputEvents[sdk=iphonesimulator*]" = YES;
				"INFOPLIST_KEY_UILaunchScreen_Generation[sdk=iphoneos*]" = YES;
				"INFOPLIST_KEY_UILaunchScreen_Generation[sdk=iphonesimulator*]" = YES;
				"INFOPLIST_KEY_UIStatusBarStyle[sdk=iphoneos*]" = UIStatusBarStyleDefault;
				"INFOPLIST_KEY_UIStatusBarStyle[sdk=iphonesimulator*]" = UIStatusBarStyleDefault;
				INFOPLIST_KEY_UISupportedInterfaceOrientations = UIInterfaceOrientationPortrait;
				INFOPLIST_KEY_UISupportedInterfaceOrientations_iPad = "UIInterfaceOrientationLandscapeLeft UIInterfaceOrientationLandscapeRight UIInterfaceOrientationPortrait UIInterfaceOrientationPortraitUpsideDown";
				IPHONEOS_DEPLOYMENT_TARGET = 17.5;
				LD_RUNPATH_SEARCH_PATHS = "@executable_path/Frameworks";
				"LD_RUNPATH_SEARCH_PATHS[sdk=macosx*]" = "@executable_path/../Frameworks";
				MACOSX_DEPLOYMENT_TARGET = 14.5;
				MARKETING_VERSION = 1.0;
				PRODUCT_BUNDLE_IDENTIFIER = demir.emirhan.MemoSwiftApp;
				PRODUCT_NAME = "$(TARGET_NAME)";
				SDKROOT = auto;
				SUPPORTED_PLATFORMS = "iphoneos iphonesimulator";
				SUPPORTS_MACCATALYST = NO;
				SWIFT_EMIT_LOC_STRINGS = YES;
				SWIFT_VERSION = 5.0;
				TARGETED_DEVICE_FAMILY = 1;
			};
			name = Release;
		};
/* End XCBuildConfiguration section */

/* Begin XCConfigurationList section */
		2D97D5B22C6FDE57007F384D /* Build configuration list for PBXProject "MemoSwiftApp" */ = {
			isa = XCConfigurationList;
			buildConfigurations = (
				2D97D5C42C6FDE59007F384D /* Debug */,
				2D97D5C52C6FDE59007F384D /* Release */,
			);
			defaultConfigurationIsVisible = 0;
			defaultConfigurationName = Release;
		};
		2D97D5C62C6FDE59007F384D /* Build configuration list for PBXNativeTarget "MemoSwiftApp" */ = {
			isa = XCConfigurationList;
			buildConfigurations = (
				2D97D5C72C6FDE59007F384D /* Debug */,
				2D97D5C82C6FDE59007F384D /* Release */,
			);
			defaultConfigurationIsVisible = 0;
			defaultConfigurationName = Release;
		};
/* End XCConfigurationList section */

/* Begin XCRemoteSwiftPackageReference section */
		2D97D5D02C6FE275007F384D /* XCRemoteSwiftPackageReference "firebase-ios-sdk" */ = {
			isa = XCRemoteSwiftPackageReference;
			repositoryURL = "https://github.com/firebase/firebase-ios-sdk.git";
			requirement = {
				kind = upToNextMajorVersion;
				minimumVersion = 11.0.0;
			};
		};
/* End XCRemoteSwiftPackageReference section */

/* Begin XCSwiftPackageProductDependency section */
		2D97D5D12C6FE275007F384D /* FirebaseAuth */ = {
			isa = XCSwiftPackageProductDependency;
			package = 2D97D5D02C6FE275007F384D /* XCRemoteSwiftPackageReference "firebase-ios-sdk" */;
			productName = FirebaseAuth;
		};
		2D97D5D32C6FE275007F384D /* FirebaseFirestore */ = {
			isa = XCSwiftPackageProductDependency;
			package = 2D97D5D02C6FE275007F384D /* XCRemoteSwiftPackageReference "firebase-ios-sdk" */;
			productName = FirebaseFirestore;
		};
/* End XCSwiftPackageProductDependency section */
	};
	rootObject = 2D97D5AF2C6FDE57007F384D /* Project object */;
}
